
Microsoft Visual Studio Solution File, Format Version 12.00
# Visual Studio Version 17
VisualStudioVersion = 17.2.32526.322
MinimumVisualStudioVersion = 10.0.40219.1
Project("{FAE04EC0-301F-11D3-BF4B-00C04F79EFBC}") = "EcommerceProject", "EcommerceProject\EcommerceProject.csproj", "{08552E93-10DE-4C3D-BAED-493155CAC1E5}"
EndProject
Global
	GlobalSection(SolutionConfigurationPlatforms) = preSolution
		Debug|Any CPU = Debug|Any CPU
		Release|Any CPU = Release|Any CPU
	EndGlobalSection
	GlobalSection(ProjectConfigurationPlatforms) = postSolution
		{08552E93-10DE-4C3D-BAED-493155CAC1E5}.Debug|Any CPU.ActiveCfg = Debug|Any CPU
		{08552E93-10DE-4C3D-BAED-493155CAC1E5}.Debug|Any CPU.Build.0 = Debug|Any CPU
		{08552E93-10DE-4C3D-BAED-493155CAC1E5}.Release|Any CPU.ActiveCfg = Release|Any CPU
		{08552E93-10DE-4C3D-BAED-493155CAC1E5}.Release|Any CPU.Build.0 = Release|Any CPU
	EndGlobalSection
	GlobalSection(SolutionProperties) = preSolution
		HideSolutionNode = FALSE
	EndGlobalSection
	GlobalSection(ExtensibilityGlobals) = postSolution
		SolutionGuid = {99F6B6E8-6FF3-4496-A52F-05DD2BFB03F1}
	EndGlobalSection
EndGlobal
